
Microsoft Visual Studio Solution File, Format Version 12.00
# Visual Studio Version 17
VisualStudioVersion = 17.0.31903.59
MinimumVisualStudioVersion = 10.0.40219.1
Project("{FAE04EC0-301F-11D3-BF4B-00C04F79EFBC}") = "SonicRelay.Api", "services\SonicRelay.Api\SonicRelay.Api.csproj", "{E6D4D86E-3900-4B6E-8DE4-605946462B90}"
EndProject
Project("{FAE04EC0-301F-11D3-BF4B-00C04F79EFBC}") = "SonicRelay.Domain", "src\SonicRelay.Domain\SonicRelay.Domain.csproj", "{FD3C8645-338F-4301-9732-1A6C3441F677}"
EndProject
Project("{FAE04EC0-301F-11D3-BF4B-00C04F79EFBC}") = "SonicRelay.Application", "src\SonicRelay.Application\SonicRelay.Application.csproj", "{8D5B4C39-9C0E-4A8B-9621-DA2A36899F5E}"
EndProject
Project("{FAE04EC0-301F-11D3-BF4B-00C04F79EFBC}") = "SonicRelay.Infrastructure", "src\SonicRelay.Infrastructure\SonicRelay.Infrastructure.csproj", "{33F7C27F-70F4-47E7-96F3-68E1D24D9E5E}"
EndProject
Project("{2150E333-8FDC-42A3-9474-1A3956D46DE8}") = "tests", "tests", "{0AB3BF05-4346-4AA6-1389-037BE0695223}"
EndProject
Project("{FAE04EC0-301F-11D3-BF4B-00C04F79EFBC}") = "SonicRelay.Api.IntegrationTests", "tests\SonicRelay.Api.IntegrationTests\SonicRelay.Api.IntegrationTests.csproj", "{62730955-314E-4A59-9258-61BC653D941F}"
EndProject
Project("{2150E333-8FDC-42A3-9474-1A3956D46DE8}") = "services", "services", "{5854FF58-B8C5-05C6-5BF2-ACE42193F22B}"
EndProject
Project("{2150E333-8FDC-42A3-9474-1A3956D46DE8}") = "src", "src", "{827E0CD3-B72D-47B6-A68D-7590B98EB39B}"
EndProject
Global
	GlobalSection(SolutionConfigurationPlatforms) = preSolution
		Debug|Any CPU = Debug|Any CPU
		Debug|x64 = Debug|x64
		Debug|x86 = Debug|x86
		Release|Any CPU = Release|Any CPU
		Release|x64 = Release|x64
		Release|x86 = Release|x86
	EndGlobalSection
	GlobalSection(ProjectConfigurationPlatforms) = postSolution
		{E6D4D86E-3900-4B6E-8DE4-605946462B90}.Debug|Any CPU.ActiveCfg = Debug|Any CPU
		{E6D4D86E-3900-4B6E-8DE4-605946462B90}.Debug|Any CPU.Build.0 = Debug|Any CPU
		{E6D4D86E-3900-4B6E-8DE4-605946462B90}.Debug|x64.ActiveCfg = Debug|Any CPU
		{E6D4D86E-3900-4B6E-8DE4-605946462B90}.Debug|x64.Build.0 = Debug|Any CPU
		{E6D4D86E-3900-4B6E-8DE4-605946462B90}.Debug|x86.ActiveCfg = Debug|Any CPU
		{E6D4D86E-3900-4B6E-8DE4-605946462B90}.Debug|x86.Build.0 = Debug|Any CPU
		{E6D4D86E-3900-4B6E-8DE4-605946462B90}.Release|Any CPU.ActiveCfg = Release|Any CPU
		{E6D4D86E-3900-4B6E-8DE4-605946462B90}.Release|Any CPU.Build.0 = Release|Any CPU
		{E6D4D86E-3900-4B6E-8DE4-605946462B90}.Release|x64.ActiveCfg = Release|Any CPU
		{E6D4D86E-3900-4B6E-8DE4-605946462B90}.Release|x64.Build.0 = Release|Any CPU
		{E6D4D86E-3900-4B6E-8DE4-605946462B90}.Release|x86.ActiveCfg = Release|Any CPU
		{E6D4D86E-3900-4B6E-8DE4-605946462B90}.Release|x86.Build.0 = Release|Any CPU
		{FD3C8645-338F-4301-9732-1A6C3441F677}.Debug|Any CPU.ActiveCfg = Debug|Any CPU
		{FD3C8645-338F-4301-9732-1A6C3441F677}.Debug|Any CPU.Build.0 = Debug|Any CPU
		{FD3C8645-338F-4301-9732-1A6C3441F677}.Debug|x64.ActiveCfg = Debug|Any CPU
		{FD3C8645-338F-4301-9732-1A6C3441F677}.Debug|x64.Build.0 = Debug|Any CPU
		{FD3C8645-338F-4301-9732-1A6C3441F677}.Debug|x86.ActiveCfg = Debug|Any CPU
		{FD3C8645-338F-4301-9732-1A6C3441F677}.Debug|x86.Build.0 = Debug|Any CPU
		{FD3C8645-338F-4301-9732-1A6C3441F677}.Release|Any CPU.ActiveCfg = Release|Any CPU
		{FD3C8645-338F-4301-9732-1A6C3441F677}.Release|Any CPU.Build.0 = Release|Any CPU
		{FD3C8645-338F-4301-9732-1A6C3441F677}.Release|x64.ActiveCfg = Release|Any CPU
		{FD3C8645-338F-4301-9732-1A6C3441F677}.Release|x64.Build.0 = Release|Any CPU
		{FD3C8645-338F-4301-9732-1A6C3441F677}.Release|x86.ActiveCfg = Release|Any CPU
		{FD3C8645-338F-4301-9732-1A6C3441F677}.Release|x86.Build.0 = Release|Any CPU
		{8D5B4C39-9C0E-4A8B-9621-DA2A36899F5E}.Debug|Any CPU.ActiveCfg = Debug|Any CPU
		{8D5B4C39-9C0E-4A8B-9621-DA2A36899F5E}.Debug|Any CPU.Build.0 = Debug|Any CPU
		{8D5B4C39-9C0E-4A8B-9621-DA2A36899F5E}.Debug|x64.ActiveCfg = Debug|Any CPU
		{8D5B4C39-9C0E-4A8B-9621-DA2A36899F5E}.Debug|x64.Build.0 = Debug|Any CPU
		{8D5B4C39-9C0E-4A8B-9621-DA2A36899F5E}.Debug|x86.ActiveCfg = Debug|Any CPU
		{8D5B4C39-9C0E-4A8B-9621-DA2A36899F5E}.Debug|x86.Build.0 = Debug|Any CPU
		{8D5B4C39-9C0E-4A8B-9621-DA2A36899F5E}.Release|Any CPU.ActiveCfg = Release|Any CPU
		{8D5B4C39-9C0E-4A8B-9621-DA2A36899F5E}.Release|Any CPU.Build.0 = Release|Any CPU
		{8D5B4C39-9C0E-4A8B-9621-DA2A36899F5E}.Release|x64.ActiveCfg = Release|Any CPU
		{8D5B4C39-9C0E-4A8B-9621-DA2A36899F5E}.Release|x64.Build.0 = Release|Any CPU
		{8D5B4C39-9C0E-4A8B-9621-DA2A36899F5E}.Release|x86.ActiveCfg = Release|Any CPU
		{8D5B4C39-9C0E-4A8B-9621-DA2A36899F5E}.Release|x86.Build.0 = Release|Any CPU
		{33F7C27F-70F4-47E7-96F3-68E1D24D9E5E}.Debug|Any CPU.ActiveCfg = Debug|Any CPU
		{33F7C27F-70F4-47E7-96F3-68E1D24D9E5E}.Debug|Any CPU.Build.0 = Debug|Any CPU
		{33F7C27F-70F4-47E7-96F3-68E1D24D9E5E}.Debug|x64.ActiveCfg = Debug|Any CPU
		{33F7C27F-70F4-47E7-96F3-68E1D24D9E5E}.Debug|x64.Build.0 = Debug|Any CPU
		{33F7C27F-70F4-47E7-96F3-68E1D24D9E5E}.Debug|x86.ActiveCfg = Debug|Any CPU
		{33F7C27F-70F4-47E7-96F3-68E1D24D9E5E}.Debug|x86.Build.0 = Debug|Any CPU
		{33F7C27F-70F4-47E7-96F3-68E1D24D9E5E}.Release|Any CPU.ActiveCfg = Release|Any CPU
		{33F7C27F-70F4-47E7-96F3-68E1D24D9E5E}.Release|Any CPU.Build.0 = Release|Any CPU
		{33F7C27F-70F4-47E7-96F3-68E1D24D9E5E}.Release|x64.ActiveCfg = Release|Any CPU
		{33F7C27F-70F4-47E7-96F3-68E1D24D9E5E}.Release|x64.Build.0 = Release|Any CPU
		{33F7C27F-70F4-47E7-96F3-68E1D24D9E5E}.Release|x86.ActiveCfg = Release|Any CPU
		{33F7C27F-70F4-47E7-96F3-68E1D24D9E5E}.Release|x86.Build.0 = Release|Any CPU
		{62730955-314E-4A59-9258-61BC653D941F}.Debug|Any CPU.ActiveCfg = Debug|Any CPU
		{62730955-314E-4A59-9258-61BC653D941F}.Debug|Any CPU.Build.0 = Debug|Any CPU
		{62730955-314E-4A59-9258-61BC653D941F}.Debug|x64.ActiveCfg = Debug|Any CPU
		{62730955-314E-4A59-9258-61BC653D941F}.Debug|x64.Build.0 = Debug|Any CPU
		{62730955-314E-4A59-9258-61BC653D941F}.Debug|x86.ActiveCfg = Debug|Any CPU
		{62730955-314E-4A59-9258-61BC653D941F}.Debug|x86.Build.0 = Debug|Any CPU
		{62730955-314E-4A59-9258-61BC653D941F}.Release|Any CPU.ActiveCfg = Release|Any CPU
		{62730955-314E-4A59-9258-61BC653D941F}.Release|Any CPU.Build.0 = Release|Any CPU
		{62730955-314E-4A59-9258-61BC653D941F}.Release|x64.ActiveCfg = Release|Any CPU
		{62730955-314E-4A59-9258-61BC653D941F}.Release|x64.Build.0 = Release|Any CPU
		{62730955-314E-4A59-9258-61BC653D941F}.Release|x86.ActiveCfg = Release|Any CPU
		{62730955-314E-4A59-9258-61BC653D941F}.Release|x86.Build.0 = Release|Any CPU
	EndGlobalSection
	GlobalSection(SolutionProperties) = preSolution
		HideSolutionNode = FALSE
	EndGlobalSection
	GlobalSection(NestedProjects) = preSolution
		{62730955-314E-4A59-9258-61BC653D941F} = {0AB3BF05-4346-4AA6-1389-037BE0695223}
	EndGlobalSection
EndGlobal
